// !$*UTF8*$!
{
	archiveVersion = 1;
	classes = {
	};
	objectVersion = 50;
	objects = {

/* Begin PBXBuildFile section */
		B5435CFD24521FAA0052435E /* AppDelegate.swift in Sources */ = {isa = PBXBuildFile; fileRef = B5435CFC24521FAA0052435E /* AppDelegate.swift */; };
		B5435CFF24521FAA0052435E /* SceneDelegate.swift in Sources */ = {isa = PBXBuildFile; fileRef = B5435CFE24521FAA0052435E /* SceneDelegate.swift */; };
		B5435D0124521FAA0052435E /* ContentView.swift in Sources */ = {isa = PBXBuildFile; fileRef = B5435D0024521FAA0052435E /* ContentView.swift */; };
		B5435D0324521FAB0052435E /* Assets.xcassets in Resources */ = {isa = PBXBuildFile; fileRef = B5435D0224521FAB0052435E /* Assets.xcassets */; };
		B5435D0624521FAB0052435E /* Preview Assets.xcassets in Resources */ = {isa = PBXBuildFile; fileRef = B5435D0524521FAB0052435E /* Preview Assets.xcassets */; };
		B5435D0924521FAB0052435E /* LaunchScreen.storyboard in Resources */ = {isa = PBXBuildFile; fileRef = B5435D0724521FAB0052435E /* LaunchScreen.storyboard */; };
/* End PBXBuildFile section */

/* Begin PBXFileReference section */
		B5435CF924521FAA0052435E /* SwiftUI-ButtonStyles.app */ = {isa = PBXFileReference; explicitFileType = wrapper.application; includeInIndex = 0; path = "SwiftUI-ButtonStyles.app"; sourceTree = BUILT_PRODUCTS_DIR; };
		B5435CFC24521FAA0052435E /* AppDelegate.swift */ = {isa = PBXFileReference; lastKnownFileType = sourcecode.swift; path = AppDelegate.swift; sourceTree = "<group>"; };
		B5435CFE24521FAA0052435E /* SceneDelegate.swift */ = {isa = PBXFileReference; lastKnownFileType = sourcecode.swift; path = SceneDelegate.swift; sourceTree = "<group>"; };
		B5435D0024521FAA0052435E /* ContentView.swift */ = {isa = PBXFileReference; lastKnownFileType = sourcecode.swift; path = ContentView.swift; sourceTree = "<group>"; };
		B5435D0224521FAB0052435E /* Assets.xcassets */ = {isa = PBXFileReference; lastKnownFileType = folder.assetcatalog; path = Assets.xcassets; sourceTree = "<group>"; };
		B5435D0524521FAB0052435E /* Preview Assets.xcassets */ = {isa = PBXFileReference; lastKnownFileType = folder.assetcatalog; path = "Preview Assets.xcassets"; sourceTree = "<group>"; };
		B5435D0824521FAB0052435E /* Base */ = {isa = PBXFileReference; lastKnownFileType = file.storyboard; name = Base; path = Base.lproj/LaunchScreen.storyboard; sourceTree = "<group>"; };
		B5435D0A24521FAB0052435E /* Info.plist */ = {isa = PBXFileReference; lastKnownFileType = text.plist.xml; path = Info.plist; sourceTree = "<group>"; };
/* End PBXFileReference section */

/* Begin PBXFrameworksBuildPhase section */
		B5435CF624521FAA0052435E /* Frameworks */ = {
			isa = PBXFrameworksBuildPhase;
			buildActionMask = 2147483647;
			files = (
			);
			runOnlyForDeploymentPostprocessing = 0;
		};
/* End PBXFrameworksBuildPhase section */

/* Begin PBXGroup section */
		B5435CF024521FAA0052435E = {
			isa = PBXGroup;
			children = (
				B5435CFB24521FAA0052435E /* SwiftUI-ButtonStyles */,
				B5435CFA24521FAA0052435E /* Products */,
			);
			sourceTree = "<group>";
		};
		B5435CFA24521FAA0052435E /* Products */ = {
			isa = PBXGroup;
			children = (
				B5435CF924521FAA0052435E /* SwiftUI-ButtonStyles.app */,
			);
			name = Products;
			sourceTree = "<group>";
		};
		B5435CFB24521FAA0052435E /* SwiftUI-ButtonStyles */ = {
			isa = PBXGroup;
			children = (
				B5435CFC24521FAA0052435E /* AppDelegate.swift */,
				B5435CFE24521FAA0052435E /* SceneDelegate.swift */,
				B5435D0024521FAA0052435E /* ContentView.swift */,
				B5435D0224521FAB0052435E /* Assets.xcassets */,
				B5435D0724521FAB0052435E /* LaunchScreen.storyboard */,
				B5435D0A24521FAB0052435E /* Info.plist */,
				B5435D0424521FAB0052435E /* Preview Content */,
			);
			path = "SwiftUI-ButtonStyles";
			sourceTree = "<group>";
		};
		B5435D0424521FAB0052435E /* Preview Content */ = {
			isa = PBXGroup;
			children = (
				B5435D0524521FAB0052435E /* Preview Assets.xcassets */,
			);
			path = "Preview Content";
			sourceTree = "<group>";
		};
/* End PBXGroup section */

/* Begin PBXNativeTarget section */
		B5435CF824521FAA0052435E /* SwiftUI-ButtonStyles */ = {
			isa = PBXNativeTarget;
			buildConfigurationList = B5435D0D24521FAB0052435E /* Build configuration list for PBXNativeTarget "SwiftUI-ButtonStyles" */;
			buildPhases = (
				B5435CF524521FAA0052435E /* Sources */,
				B5435CF624521FAA0052435E /* Frameworks */,
				B5435CF724521FAA0052435E /* Resources */,
			);
			buildRules = (
			);
			dependencies = (
			);
			name = "SwiftUI-ButtonStyles";
			productName = "SwiftUI-ButtonStyles";
			productReference = B5435CF924521FAA0052435E /* SwiftUI-ButtonStyles.app */;
			productType = "com.apple.product-type.application";
		};
/* End PBXNativeTarget section */

/* Begin PBXProject section */
		B5435CF124521FAA0052435E /* Project object */ = {
			isa = PBXProject;
			attributes = {
				LastSwiftUpdateCheck = 1140;
				LastUpgradeCheck = 1140;
				ORGANIZATIONNAME = NSScreencast;
				TargetAttributes = {
					B5435CF824521FAA0052435E = {
						CreatedOnToolsVersion = 11.4;
					};
				};
			};
			buildConfigurationList = B5435CF424521FAA0052435E /* Build configuration list for PBXProject "SwiftUI-ButtonStyles" */;
			compatibilityVersion = "Xcode 9.3";
			developmentRegion = en;
			hasScannedForEncodings = 0;
			knownRegions = (
				en,
				Base,
			);
			mainGroup = B5435CF024521FAA0052435E;
			productRefGroup = B5435CFA24521FAA0052435E /* Products */;
			projectDirPath = "";
			projectRoot = "";
			targets = (
				B5435CF824521FAA0052435E /* SwiftUI-ButtonStyles */,
			);
		};
/* End PBXProject section */

/* Begin PBXResourcesBuildPhase section */
		B5435CF724521FAA0052435E /* Resources */ = {
			isa = PBXResourcesBuildPhase;
			buildActionMask = 2147483647;
			files = (
				B5435D0924521FAB0052435E /* LaunchScreen.storyboard in Resources */,
				B5435D0624521FAB0052435E /* Preview Assets.xcassets in Resources */,
				B5435D0324521FAB0052435E /* Assets.xcassets in Resources */,
			);
			runOnlyForDeploymentPostprocessing = 0;
		};
/* End PBXResourcesBuildPhase section */

/* Begin PBXSourcesBuildPhase section */
		B5435CF524521FAA0052435E /* Sources */ = {
			isa = PBXSourcesBuildPhase;
			buildActionMask = 2147483647;
			files = (
				B5435CFD24521FAA0052435E /* AppDelegate.swift in Sources */,
				B5435CFF24521FAA0052435E /* SceneDelegate.swift in Sources */,
				B5435D0124521FAA0052435E /* ContentView.swift in Sources */,
			);
			runOnlyForDeploymentPostprocessing = 0;
		};
/* End PBXSourcesBuildPhase section */

/* Begin PBXVariantGroup section */
		B5435D0724521FAB0052435E /* LaunchScreen.storyboard */ = {
			isa = PBXVariantGroup;
			children = (
				B5435D0824521FAB0052435E /* Base */,
			);
			name = LaunchScreen.storyboard;
			sourceTree = "<group>";
		};
/* End PBXVariantGroup section */

/* Begin XCBuildConfiguration section */
		B5435D0B24521FAB0052435E /* Debug */ = {
			isa = XCBuildConfiguration;
			buildSettings = {
				ALWAYS_SEARCH_USER_PATHS = NO;
				CLANG_ANALYZER_NONNULL = YES;
				CLANG_ANALYZER_NUMBER_OBJECT_CONVERSION = YES_AGGRESSIVE;
				CLANG_CXX_LANGUAGE_STANDARD = "gnu++14";
				CLANG_CXX_LIBRARY = "libc++";
				CLANG_ENABLE_MODULES = YES;
				CLANG_ENABLE_OBJC_ARC = YES;
				CLANG_ENABLE_OBJC_WEAK = YES;
				CLANG_WARN_BLOCK_CAPTURE_AUTORELEASING = YES;
				CLANG_WARN_BOOL_CONVERSION = YES;
				CLANG_WARN_COMMA = YES;
				CLANG_WARN_CONSTANT_CONVERSION = YES;
				CLANG_WARN_DEPRECATED_OBJC_IMPLEMENTATIONS = YES;
				CLANG_WARN_DIRECT_OBJC_ISA_USAGE = YES_ERROR;
				CLANG_WARN_DOCUMENTATION_COMMENTS = YES;
				CLANG_WARN_EMPTY_BODY = YES;
				CLANG_WARN_ENUM_CONVERSION = YES;
				CLANG_WARN_INFINITE_RECURSION = YES;
				CLANG_WARN_INT_CONVERSION = YES;
				CLANG_WARN_NON_LITERAL_NULL_CONVERSION = YES;
				CLANG_WARN_OBJC_IMPLICIT_RETAIN_SELF = YES;
				CLANG_WARN_OBJC_LITERAL_CONVERSION = YES;
				CLANG_WARN_OBJC_ROOT_CLASS = YES_ERROR;
				CLANG_WARN_RANGE_LOOP_ANALYSIS = YES;
				CLANG_WARN_STRICT_PROTOTYPES = YES;
				CLANG_WARN_SUSPICIOUS_MOVE = YES;
				CLANG_WARN_UNGUARDED_AVAILABILITY = YES_AGGRESSIVE;
				CLANG_WARN_UNREACHABLE_CODE = YES;
				CLANG_WARN__DUPLICATE_METHOD_MATCH = YES;
				COPY_PHASE_STRIP = NO;
				DEBUG_INFORMATION_FORMAT = dwarf;
				ENABLE_STRICT_OBJC_MSGSEND = YES;
				ENABLE_TESTABILITY = YES;
				GCC_C_LANGUAGE_STANDARD = gnu11;
				GCC_DYNAMIC_NO_PIC = NO;
				GCC_NO_COMMON_BLOCKS = YES;
				GCC_OPTIMIZATION_LEVEL = 0;
				GCC_PREPROCESSOR_DEFINITIONS = (
					"DEBUG=1",
					"$(inherited)",
				);
				GCC_WARN_64_TO_32_BIT_CONVERSION = YES;
				GCC_WARN_ABOUT_RETURN_TYPE = YES_ERROR;
				GCC_WARN_UNDECLARED_SELECTOR = YES;
				GCC_WARN_UNINITIALIZED_AUTOS = YES_AGGRESSIVE;
				GCC_WARN_UNUSED_FUNCTION = YES;
				GCC_WARN_UNUSED_VARIABLE = YES;
				IPHONEOS_DEPLOYMENT_TARGET = 13.4;
				MTL_ENABLE_DEBUG_INFO = INCLUDE_SOURCE;
				MTL_FAST_MATH = YES;
				ONLY_ACTIVE_ARCH = YES;
				SDKROOT = iphoneos;
				SWIFT_ACTIVE_COMPILATION_CONDITIONS = DEBUG;
				SWIFT_OPTIMIZATION_LEVEL = "-Onone";
			};
			name = Debug;
		};
		B5435D0C24521FAB0052435E /* Release */ = {
			isa = XCBuildConfiguration;
			buildSettings = {
				ALWAYS_SEARCH_USER_PATHS = NO;
				CLANG_ANALYZER_NONNULL = YES;
				CLANG_ANALYZER_NUMBER_OBJECT_CONVERSION = YES_AGGRESSIVE;
				CLANG_CXX_LANGUAGE_STANDARD = "gnu++14";
				CLANG_CXX_LIBRARY = "libc++";
				CLANG_ENABLE_MODULES = YES;
				CLANG_ENABLE_OBJC_ARC = YES;
				CLANG_ENABLE_OBJC_WEAK = YES;
				CLANG_WARN_BLOCK_CAPTURE_AUTORELEASING = YES;
				CLANG_WARN_BOOL_CONVERSION = YES;
				CLANG_WARN_COMMA = YES;
				CLANG_WARN_CONSTANT_CONVERSION = YES;
				CLANG_WARN_DEPRECATED_OBJC_IMPLEMENTATIONS = YES;
				CLANG_WARN_DIRECT_OBJC_ISA_USAGE = YES_ERROR;
				CLANG_WARN_DOCUMENTATION_COMMENTS = YES;
				CLANG_WARN_EMPTY_BODY = YES;
				CLANG_WARN_ENUM_CONVERSION = YES;
				CLANG_WARN_INFINITE_RECURSION = YES;
				CLANG_WARN_INT_CONVERSION = YES;
				CLANG_WARN_NON_LITERAL_NULL_CONVERSION = YES;
				CLANG_WARN_OBJC_IMPLICIT_RETAIN_SELF = YES;
				CLANG_WARN_OBJC_LITERAL_CONVERSION = YES;
				CLANG_WARN_OBJC_ROOT_CLASS = YES_ERROR;
				CLANG_WARN_RANGE_LOOP_ANALYSIS = YES;
				CLANG_WARN_STRICT_PROTOTYPES = YES;
				CLANG_WARN_SUSPICIOUS_MOVE = YES;
				CLANG_WARN_UNGUARDED_AVAILABILITY = YES_AGGRESSIVE;
				CLANG_WARN_UNREACHABLE_CODE = YES;
				CLANG_WARN__DUPLICATE_METHOD_MATCH = YES;
				COPY_PHASE_STRIP = NO;
				DEBUG_INFORMATION_FORMAT = "dwarf-with-dsym";
				ENABLE_NS_ASSERTIONS = NO;
				ENABLE_STRICT_OBJC_MSGSEND = YES;
				GCC_C_LANGUAGE_STANDARD = gnu11;
				GCC_NO_COMMON_BLOCKS = YES;
				GCC_WARN_64_TO_32_BIT_CONVERSION = YES;
				GCC_WARN_ABOUT_RETURN_TYPE = YES_ERROR;
				GCC_WARN_UNDECLARED_SELECTOR = YES;
				GCC_WARN_UNINITIALIZED_AUTOS = YES_AGGRESSIVE;
				GCC_WARN_UNUSED_FUNCTION = YES;
				GCC_WARN_UNUSED_VARIABLE = YES;
				IPHONEOS_DEPLOYMENT_TARGET = 13.4;
				MTL_ENABLE_DEBUG_INFO = NO;
				MTL_FAST_MATH = YES;
				SDKROOT = iphoneos;
				SWIFT_COMPILATION_MODE = wholemodule;
				SWIFT_OPTIMIZATION_LEVEL = "-O";
				VALIDATE_PRODUCT = YES;
			};
			name = Release;
		};
		B5435D0E24521FAB0052435E /* Debug */ = {
			isa = XCBuildConfiguration;
			buildSettings = {
				ASSETCATALOG_COMPILER_APPICON_NAME = AppIcon;
				CODE_SIGN_STYLE = Automatic;
				DEVELOPMENT_ASSET_PATHS = "\"SwiftUI-ButtonStyles/Preview Content\"";
				DEVELOPMENT_TEAM = C2K3864N2N;
				ENABLE_PREVIEWS = YES;
				INFOPLIST_FILE = "SwiftUI-ButtonStyles/Info.plist";
				LD_RUNPATH_SEARCH_PATHS = (
					"$(inherited)",
					"@executable_path/Frameworks",
				);
				PRODUCT_BUNDLE_IDENTIFIER = "com.nsscreencast.SwiftUI-ButtonStyles";
				PRODUCT_NAME = "$(TARGET_NAME)";
				SWIFT_VERSION = 5.0;
				TARGETED_DEVICE_FAMILY = "1,2";
			};
			name = Debug;
		};
		B5435D0F24521FAB0052435E /* Release */ = {
			isa = XCBuildConfiguration;
			buildSettings = {
				ASSETCATALOG_COMPILER_APPICON_NAME = AppIcon;
				CODE_SIGN_STYLE = Automatic;
				DEVELOPMENT_ASSET_PATHS = "\"SwiftUI-ButtonStyles/Preview Content\"";
				DEVELOPMENT_TEAM = C2K3864N2N;
				ENABLE_PREVIEWS = YES;
				INFOPLIST_FILE = "SwiftUI-ButtonStyles/Info.plist";
				LD_RUNPATH_SEARCH_PATHS = (
					"$(inherited)",
					"@executable_path/Frameworks",
				);
				PRODUCT_BUNDLE_IDENTIFIER = "com.nsscreencast.SwiftUI-ButtonStyles";
				PRODUCT_NAME = "$(TARGET_NAME)";
				SWIFT_VERSION = 5.0;
				TARGETED_DEVICE_FAMILY = "1,2";
			};
			name = Release;
		};
/* End XCBuildConfiguration section */

/* Begin XCConfigurationList section */
		B5435CF424521FAA0052435E /* Build configuration list for PBXProject "SwiftUI-ButtonStyles" */ = {
			isa = XCConfigurationList;
			buildConfigurations = (
				B5435D0B24521FAB0052435E /* Debug */,
				B5435D0C24521FAB0052435E /* Release */,
			);
			defaultConfigurationIsVisible = 0;
			defaultConfigurationName = Release;
		};
		B5435D0D24521FAB0052435E /* Build configuration list for PBXNativeTarget "SwiftUI-ButtonStyles" */ = {
			isa = XCConfigurationList;
			buildConfigurations = (
				B5435D0E24521FAB0052435E /* Debug */,
				B5435D0F24521FAB0052435E /* Release */,
			);
			defaultConfigurationIsVisible = 0;
			defaultConfigurationName = Release;
		};
/* End XCConfigurationList section */
	};
	rootObject = B5435CF124521FAA0052435E /* Project object */;
}
